// !$*UTF8*$!
{
	archiveVersion = 1;
	classes = {
	};
	objectVersion = 50;
	objects = {

/* Begin PBXBuildFile section */
		8F070CA2226FF6A300C28983 /* AppDelegate.swift in Sources */ = {isa = PBXBuildFile; fileRef = 8F070CA1226FF6A300C28983 /* AppDelegate.swift */; };
		8F070CA4226FF6A300C28983 /* ViewController.swift in Sources */ = {isa = PBXBuildFile; fileRef = 8F070CA3226FF6A300C28983 /* ViewController.swift */; };
		8F070CA7226FF6A300C28983 /* Main.storyboard in Resources */ = {isa = PBXBuildFile; fileRef = 8F070CA5226FF6A300C28983 /* Main.storyboard */; };
		8F070CA9226FF6A400C28983 /* Assets.xcassets in Resources */ = {isa = PBXBuildFile; fileRef = 8F070CA8226FF6A400C28983 /* Assets.xcassets */; };
		8F070CAC226FF6A400C28983 /* LaunchScreen.storyboard in Resources */ = {isa = PBXBuildFile; fileRef = 8F070CAA226FF6A400C28983 /* LaunchScreen.storyboard */; };
		8F070CB7226FF6A400C28983 /* iSpaceLabTests.swift in Sources */ = {isa = PBXBuildFile; fileRef = 8F070CB6226FF6A400C28983 /* iSpaceLabTests.swift */; };
		8F070CC2226FF6A400C28983 /* iSpaceLabUITests.swift in Sources */ = {isa = PBXBuildFile; fileRef = 8F070CC1226FF6A400C28983 /* iSpaceLabUITests.swift */; };
/* End PBXBuildFile section */

/* Begin PBXContainerItemProxy section */
		8F070CB3226FF6A400C28983 /* PBXContainerItemProxy */ = {
			isa = PBXContainerItemProxy;
			containerPortal = 8F070C96226FF6A300C28983 /* Project object */;
			proxyType = 1;
			remoteGlobalIDString = 8F070C9D226FF6A300C28983;
			remoteInfo = iSpaceLab;
		};
		8F070CBE226FF6A400C28983 /* PBXContainerItemProxy */ = {
			isa = PBXContainerItemProxy;
			containerPortal = 8F070C96226FF6A300C28983 /* Project object */;
			proxyType = 1;
			remoteGlobalIDString = 8F070C9D226FF6A300C28983;
			remoteInfo = iSpaceLab;
		};
/* End PBXContainerItemProxy section */

/* Begin PBXFileReference section */
		8F070C9E226FF6A300C28983 /* iSpaceLab.app */ = {isa = PBXFileReference; explicitFileType = wrapper.application; includeInIndex = 0; path = iSpaceLab.app; sourceTree = BUILT_PRODUCTS_DIR; };
		8F070CA1226FF6A300C28983 /* AppDelegate.swift */ = {isa = PBXFileReference; lastKnownFileType = sourcecode.swift; path = AppDelegate.swift; sourceTree = "<group>"; };
		8F070CA3226FF6A300C28983 /* ViewController.swift */ = {isa = PBXFileReference; lastKnownFileType = sourcecode.swift; path = ViewController.swift; sourceTree = "<group>"; };
		8F070CA6226FF6A300C28983 /* Base */ = {isa = PBXFileReference; lastKnownFileType = file.storyboard; name = Base; path = Base.lproj/Main.storyboard; sourceTree = "<group>"; };
		8F070CA8226FF6A400C28983 /* Assets.xcassets */ = {isa = PBXFileReference; lastKnownFileType = folder.assetcatalog; path = Assets.xcassets; sourceTree = "<group>"; };
		8F070CAB226FF6A400C28983 /* Base */ = {isa = PBXFileReference; lastKnownFileType = file.storyboard; name = Base; path = Base.lproj/LaunchScreen.storyboard; sourceTree = "<group>"; };
		8F070CAD226FF6A400C28983 /* Info.plist */ = {isa = PBXFileReference; lastKnownFileType = text.plist.xml; path = Info.plist; sourceTree = "<group>"; };
		8F070CB2226FF6A400C28983 /* iSpaceLabTests.xctest */ = {isa = PBXFileReference; explicitFileType = wrapper.cfbundle; includeInIndex = 0; path = iSpaceLabTests.xctest; sourceTree = BUILT_PRODUCTS_DIR; };
		8F070CB6226FF6A400C28983 /* iSpaceLabTests.swift */ = {isa = PBXFileReference; lastKnownFileType = sourcecode.swift; path = iSpaceLabTests.swift; sourceTree = "<group>"; };
		8F070CB8226FF6A400C28983 /* Info.plist */ = {isa = PBXFileReference; lastKnownFileType = text.plist.xml; path = Info.plist; sourceTree = "<group>"; };
		8F070CBD226FF6A400C28983 /* iSpaceLabUITests.xctest */ = {isa = PBXFileReference; explicitFileType = wrapper.cfbundle; includeInIndex = 0; path = iSpaceLabUITests.xctest; sourceTree = BUILT_PRODUCTS_DIR; };
		8F070CC1226FF6A400C28983 /* iSpaceLabUITests.swift */ = {isa = PBXFileReference; lastKnownFileType = sourcecode.swift; path = iSpaceLabUITests.swift; sourceTree = "<group>"; };
		8F070CC3226FF6A400C28983 /* Info.plist */ = {isa = PBXFileReference; lastKnownFileType = text.plist.xml; path = Info.plist; sourceTree = "<group>"; };
/* End PBXFileReference section */

/* Begin PBXFrameworksBuildPhase section */
		8F070C9B226FF6A300C28983 /* Frameworks */ = {
			isa = PBXFrameworksBuildPhase;
			buildActionMask = 2147483647;
			files = (
			);
			runOnlyForDeploymentPostprocessing = 0;
		};
		8F070CAF226FF6A400C28983 /* Frameworks */ = {
			isa = PBXFrameworksBuildPhase;
			buildActionMask = 2147483647;
			files = (
			);
			runOnlyForDeploymentPostprocessing = 0;
		};
		8F070CBA226FF6A400C28983 /* Frameworks */ = {
			isa = PBXFrameworksBuildPhase;
			buildActionMask = 2147483647;
			files = (
			);
			runOnlyForDeploymentPostprocessing = 0;
		};
/* End PBXFrameworksBuildPhase section */

/* Begin PBXGroup section */
		8F070C95226FF6A300C28983 = {
			isa = PBXGroup;
			children = (
				8F070CA0226FF6A300C28983 /* iSpaceLab */,
				8F070CB5226FF6A400C28983 /* iSpaceLabTests */,
				8F070CC0226FF6A400C28983 /* iSpaceLabUITests */,
				8F070C9F226FF6A300C28983 /* Products */,
			);
			sourceTree = "<group>";
		};
		8F070C9F226FF6A300C28983 /* Products */ = {
			isa = PBXGroup;
			children = (
				8F070C9E226FF6A300C28983 /* iSpaceLab.app */,
				8F070CB2226FF6A400C28983 /* iSpaceLabTests.xctest */,
				8F070CBD226FF6A400C28983 /* iSpaceLabUITests.xctest */,
			);
			name = Products;
			sourceTree = "<group>";
		};
		8F070CA0226FF6A300C28983 /* iSpaceLab */ = {
			isa = PBXGroup;
			children = (
				8F070CA1226FF6A300C28983 /* AppDelegate.swift */,
				8F070CA3226FF6A300C28983 /* ViewController.swift */,
				8F070CA5226FF6A300C28983 /* Main.storyboard */,
				8F070CA8226FF6A400C28983 /* Assets.xcassets */,
				8F070CAA226FF6A400C28983 /* LaunchScreen.storyboard */,
				8F070CAD226FF6A400C28983 /* Info.plist */,
			);
			path = iSpaceLab;
			sourceTree = "<group>";
		};
		8F070CB5226FF6A400C28983 /* iSpaceLabTests */ = {
			isa = PBXGroup;
			children = (
				8F070CB6226FF6A400C28983 /* iSpaceLabTests.swift */,
				8F070CB8226FF6A400C28983 /* Info.plist */,
			);
			path = iSpaceLabTests;
			sourceTree = "<group>";
		};
		8F070CC0226FF6A400C28983 /* iSpaceLabUITests */ = {
			isa = PBXGroup;
			children = (
				8F070CC1226FF6A400C28983 /* iSpaceLabUITests.swift */,
				8F070CC3226FF6A400C28983 /* Info.plist */,
			);
			path = iSpaceLabUITests;
			sourceTree = "<group>";
		};
/* End PBXGroup section */

/* Begin PBXNativeTarget section */
		8F070C9D226FF6A300C28983 /* iSpaceLab */ = {
			isa = PBXNativeTarget;
			buildConfigurationList = 8F070CC6226FF6A400C28983 /* Build configuration list for PBXNativeTarget "iSpaceLab" */;
			buildPhases = (
				8F070C9A226FF6A300C28983 /* Sources */,
				8F070C9B226FF6A300C28983 /* Frameworks */,
				8F070C9C226FF6A300C28983 /* Resources */,
			);
			buildRules = (
			);
			dependencies = (
			);
			name = iSpaceLab;
			productName = iSpaceLab;
			productReference = 8F070C9E226FF6A300C28983 /* iSpaceLab.app */;
			productType = "com.apple.product-type.application";
		};
		8F070CB1226FF6A400C28983 /* iSpaceLabTests */ = {
			isa = PBXNativeTarget;
			buildConfigurationList = 8F070CC9226FF6A400C28983 /* Build configuration list for PBXNativeTarget "iSpaceLabTests" */;
			buildPhases = (
				8F070CAE226FF6A400C28983 /* Sources */,
				8F070CAF226FF6A400C28983 /* Frameworks */,
				8F070CB0226FF6A400C28983 /* Resources */,
			);
			buildRules = (
			);
			dependencies = (
				8F070CB4226FF6A400C28983 /* PBXTargetDependency */,
			);
			name = iSpaceLabTests;
			productName = iSpaceLabTests;
			productReference = 8F070CB2226FF6A400C28983 /* iSpaceLabTests.xctest */;
			productType = "com.apple.product-type.bundle.unit-test";
		};
		8F070CBC226FF6A400C28983 /* iSpaceLabUITests */ = {
			isa = PBXNativeTarget;
			buildConfigurationList = 8F070CCC226FF6A400C28983 /* Build configuration list for PBXNativeTarget "iSpaceLabUITests" */;
			buildPhases = (
				8F070CB9226FF6A400C28983 /* Sources */,
				8F070CBA226FF6A400C28983 /* Frameworks */,
				8F070CBB226FF6A400C28983 /* Resources */,
			);
			buildRules = (
			);
			dependencies = (
				8F070CBF226FF6A400C28983 /* PBXTargetDependency */,
			);
			name = iSpaceLabUITests;
			productName = iSpaceLabUITests;
			productReference = 8F070CBD226FF6A400C28983 /* iSpaceLabUITests.xctest */;
			productType = "com.apple.product-type.bundle.ui-testing";
		};
/* End PBXNativeTarget section */

/* Begin PBXProject section */
		8F070C96226FF6A300C28983 /* Project object */ = {
			isa = PBXProject;
			attributes = {
				LastSwiftUpdateCheck = 1020;
				LastUpgradeCheck = 1020;
				ORGANIZATIONNAME = "Ho Dac Hung";
				TargetAttributes = {
					8F070C9D226FF6A300C28983 = {
						CreatedOnToolsVersion = 10.2;
					};
					8F070CB1226FF6A400C28983 = {
						CreatedOnToolsVersion = 10.2;
						TestTargetID = 8F070C9D226FF6A300C28983;
					};
					8F070CBC226FF6A400C28983 = {
						CreatedOnToolsVersion = 10.2;
						TestTargetID = 8F070C9D226FF6A300C28983;
					};
				};
			};
			buildConfigurationList = 8F070C99226FF6A300C28983 /* Build configuration list for PBXProject "iSpaceLab" */;
			compatibilityVersion = "Xcode 9.3";
			developmentRegion = en;
			hasScannedForEncodings = 0;
			knownRegions = (
				en,
				Base,
			);
			mainGroup = 8F070C95226FF6A300C28983;
			productRefGroup = 8F070C9F226FF6A300C28983 /* Products */;
			projectDirPath = "";
			projectRoot = "";
			targets = (
				8F070C9D226FF6A300C28983 /* iSpaceLab */,
				8F070CB1226FF6A400C28983 /* iSpaceLabTests */,
				8F070CBC226FF6A400C28983 /* iSpaceLabUITests */,
			);
		};
/* End PBXProject section */

/* Begin PBXResourcesBuildPhase section */
		8F070C9C226FF6A300C28983 /* Resources */ = {
			isa = PBXResourcesBuildPhase;
			buildActionMask = 2147483647;
			files = (
				8F070CAC226FF6A400C28983 /* LaunchScreen.storyboard in Resources */,
				8F070CA9226FF6A400C28983 /* Assets.xcassets in Resources */,
				8F070CA7226FF6A300C28983 /* Main.storyboard in Resources */,
			);
			runOnlyForDeploymentPostprocessing = 0;
		};
		8F070CB0226FF6A400C28983 /* Resources */ = {
			isa = PBXResourcesBuildPhase;
			buildActionMask = 2147483647;
			files = (
			);
			runOnlyForDeploymentPostprocessing = 0;
		};
		8F070CBB226FF6A400C28983 /* Resources */ = {
			isa = PBXResourcesBuildPhase;
			buildActionMask = 2147483647;
			files = (
			);
			runOnlyForDeploymentPostprocessing = 0;
		};
/* End PBXResourcesBuildPhase section */

/* Begin PBXSourcesBuildPhase section */
		8F070C9A226FF6A300C28983 /* Sources */ = {
			isa = PBXSourcesBuildPhase;
			buildActionMask = 2147483647;
			files = (
				8F070CA4226FF6A300C28983 /* ViewController.swift in Sources */,
				8F070CA2226FF6A300C28983 /* AppDelegate.swift in Sources */,
			);
			runOnlyForDeploymentPostprocessing = 0;
		};
		8F070CAE226FF6A400C28983 /* Sources */ = {
			isa = PBXSourcesBuildPhase;
			buildActionMask = 2147483647;
			files = (
				8F070CB7226FF6A400C28983 /* iSpaceLabTests.swift in Sources */,
			);
			runOnlyForDeploymentPostprocessing = 0;
		};
		8F070CB9226FF6A400C28983 /* Sources */ = {
			isa = PBXSourcesBuildPhase;
			buildActionMask = 2147483647;
			files = (
				8F070CC2226FF6A400C28983 /* iSpaceLabUITests.swift in Sources */,
			);
			runOnlyForDeploymentPostprocessing = 0;
		};
/* End PBXSourcesBuildPhase section */

/* Begin PBXTargetDependency section */
		8F070CB4226FF6A400C28983 /* PBXTargetDependency */ = {
			isa = PBXTargetDependency;
			target = 8F070C9D226FF6A300C28983 /* iSpaceLab */;
			targetProxy = 8F070CB3226FF6A400C28983 /* PBXContainerItemProxy */;
		};
		8F070CBF226FF6A400C28983 /* PBXTargetDependency */ = {
			isa = PBXTargetDependency;
			target = 8F070C9D226FF6A300C28983 /* iSpaceLab */;
			targetProxy = 8F070CBE226FF6A400C28983 /* PBXContainerItemProxy */;
		};
/* End PBXTargetDependency section */

/* Begin PBXVariantGroup section */
		8F070CA5226FF6A300C28983 /* Main.storyboard */ = {
			isa = PBXVariantGroup;
			children = (
				8F070CA6226FF6A300C28983 /* Base */,
			);
			name = Main.storyboard;
			sourceTree = "<group>";
		};
		8F070CAA226FF6A400C28983 /* LaunchScreen.storyboard */ = {
			isa = PBXVariantGroup;
			children = (
				8F070CAB226FF6A400C28983 /* Base */,
			);
			name = LaunchScreen.storyboard;
			sourceTree = "<group>";
		};
/* End PBXVariantGroup section */

/* Begin XCBuildConfiguration section */
		8F070CC4226FF6A400C28983 /* Debug */ = {
			isa = XCBuildConfiguration;
			buildSettings = {
				ALWAYS_SEARCH_USER_PATHS = NO;
				CLANG_ANALYZER_NONNULL = YES;
				CLANG_ANALYZER_NUMBER_OBJECT_CONVERSION = YES_AGGRESSIVE;
				CLANG_CXX_LANGUAGE_STANDARD = "gnu++14";
				CLANG_CXX_LIBRARY = "libc++";
				CLANG_ENABLE_MODULES = YES;
				CLANG_ENABLE_OBJC_ARC = YES;
				CLANG_ENABLE_OBJC_WEAK = YES;
				CLANG_WARN_BLOCK_CAPTURE_AUTORELEASING = YES;
				CLANG_WARN_BOOL_CONVERSION = YES;
				CLANG_WARN_COMMA = YES;
				CLANG_WARN_CONSTANT_CONVERSION = YES;
				CLANG_WARN_DEPRECATED_OBJC_IMPLEMENTATIONS = YES;
				CLANG_WARN_DIRECT_OBJC_ISA_USAGE = YES_ERROR;
				CLANG_WARN_DOCUMENTATION_COMMENTS = YES;
				CLANG_WARN_EMPTY_BODY = YES;
				CLANG_WARN_ENUM_CONVERSION = YES;
				CLANG_WARN_INFINITE_RECURSION = YES;
				CLANG_WARN_INT_CONVERSION = YES;
				CLANG_WARN_NON_LITERAL_NULL_CONVERSION = YES;
				CLANG_WARN_OBJC_IMPLICIT_RETAIN_SELF = YES;
				CLANG_WARN_OBJC_LITERAL_CONVERSION = YES;
				CLANG_WARN_OBJC_ROOT_CLASS = YES_ERROR;
				CLANG_WARN_RANGE_LOOP_ANALYSIS = YES;
				CLANG_WARN_STRICT_PROTOTYPES = YES;
				CLANG_WARN_SUSPICIOUS_MOVE = YES;
				CLANG_WARN_UNGUARDED_AVAILABILITY = YES_AGGRESSIVE;
				CLANG_WARN_UNREACHABLE_CODE = YES;
				CLANG_WARN__DUPLICATE_METHOD_MATCH = YES;
				CODE_SIGN_IDENTITY = "iPhone Developer";
				COPY_PHASE_STRIP = NO;
				DEBUG_INFORMATION_FORMAT = dwarf;
				ENABLE_STRICT_OBJC_MSGSEND = YES;
				ENABLE_TESTABILITY = YES;
				GCC_C_LANGUAGE_STANDARD = gnu11;
				GCC_DYNAMIC_NO_PIC = NO;
				GCC_NO_COMMON_BLOCKS = YES;
				GCC_OPTIMIZATION_LEVEL = 0;
				GCC_PREPROCESSOR_DEFINITIONS = (
					"DEBUG=1",
					"$(inherited)",
				);
				GCC_WARN_64_TO_32_BIT_CONVERSION = YES;
				GCC_WARN_ABOUT_RETURN_TYPE = YES_ERROR;
				GCC_WARN_UNDECLARED_SELECTOR = YES;
				GCC_WARN_UNINITIALIZED_AUTOS = YES_AGGRESSIVE;
				GCC_WARN_UNUSED_FUNCTION = YES;
				GCC_WARN_UNUSED_VARIABLE = YES;
				IPHONEOS_DEPLOYMENT_TARGET = 12.2;
				MTL_ENABLE_DEBUG_INFO = INCLUDE_SOURCE;
				MTL_FAST_MATH = YES;
				ONLY_ACTIVE_ARCH = YES;
				SDKROOT = iphoneos;
				SWIFT_ACTIVE_COMPILATION_CONDITIONS = DEBUG;
				SWIFT_OPTIMIZATION_LEVEL = "-Onone";
			};
			name = Debug;
		};
		8F070CC5226FF6A400C28983 /* Release */ = {
			isa = XCBuildConfiguration;
			buildSettings = {
				ALWAYS_SEARCH_USER_PATHS = NO;
				CLANG_ANALYZER_NONNULL = YES;
				CLANG_ANALYZER_NUMBER_OBJECT_CONVERSION = YES_AGGRESSIVE;
				CLANG_CXX_LANGUAGE_STANDARD = "gnu++14";
				CLANG_CXX_LIBRARY = "libc++";
				CLANG_ENABLE_MODULES = YES;
				CLANG_ENABLE_OBJC_ARC = YES;
				CLANG_ENABLE_OBJC_WEAK = YES;
				CLANG_WARN_BLOCK_CAPTURE_AUTORELEASING = YES;
				CLANG_WARN_BOOL_CONVERSION = YES;
				CLANG_WARN_COMMA = YES;
				CLANG_WARN_CONSTANT_CONVERSION = YES;
				CLANG_WARN_DEPRECATED_OBJC_IMPLEMENTATIONS = YES;
				CLANG_WARN_DIRECT_OBJC_ISA_USAGE = YES_ERROR;
				CLANG_WARN_DOCUMENTATION_COMMENTS = YES;
				CLANG_WARN_EMPTY_BODY = YES;
				CLANG_WARN_ENUM_CONVERSION = YES;
				CLANG_WARN_INFINITE_RECURSION = YES;
				CLANG_WARN_INT_CONVERSION = YES;
				CLANG_WARN_NON_LITERAL_NULL_CONVERSION = YES;
				CLANG_WARN_OBJC_IMPLICIT_RETAIN_SELF = YES;
				CLANG_WARN_OBJC_LITERAL_CONVERSION = YES;
				CLANG_WARN_OBJC_ROOT_CLASS = YES_ERROR;
				CLANG_WARN_RANGE_LOOP_ANALYSIS = YES;
				CLANG_WARN_STRICT_PROTOTYPES = YES;
				CLANG_WARN_SUSPICIOUS_MOVE = YES;
				CLANG_WARN_UNGUARDED_AVAILABILITY = YES_AGGRESSIVE;
				CLANG_WARN_UNREACHABLE_CODE = YES;
				CLANG_WARN__DUPLICATE_METHOD_MATCH = YES;
				CODE_SIGN_IDENTITY = "iPhone Developer";
				COPY_PHASE_STRIP = NO;
				DEBUG_INFORMATION_FORMAT = "dwarf-with-dsym";
				ENABLE_NS_ASSERTIONS = NO;
				ENABLE_STRICT_OBJC_MSGSEND = YES;
				GCC_C_LANGUAGE_STANDARD = gnu11;
				GCC_NO_COMMON_BLOCKS = YES;
				GCC_WARN_64_TO_32_BIT_CONVERSION = YES;
				GCC_WARN_ABOUT_RETURN_TYPE = YES_ERROR;
				GCC_WARN_UNDECLARED_SELECTOR = YES;
				GCC_WARN_UNINITIALIZED_AUTOS = YES_AGGRESSIVE;
				GCC_WARN_UNUSED_FUNCTION = YES;
				GCC_WARN_UNUSED_VARIABLE = YES;
				IPHONEOS_DEPLOYMENT_TARGET = 12.2;
				MTL_ENABLE_DEBUG_INFO = NO;
				MTL_FAST_MATH = YES;
				SDKROOT = iphoneos;
				SWIFT_COMPILATION_MODE = wholemodule;
				SWIFT_OPTIMIZATION_LEVEL = "-O";
				VALIDATE_PRODUCT = YES;
			};
			name = Release;
		};
		8F070CC7226FF6A400C28983 /* Debug */ = {
			isa = XCBuildConfiguration;
			buildSettings = {
				ASSETCATALOG_COMPILER_APPICON_NAME = AppIcon;
				CODE_SIGN_STYLE = Automatic;
				INFOPLIST_FILE = iSpaceLab/Info.plist;
				LD_RUNPATH_SEARCH_PATHS = (
					"$(inherited)",
					"@executable_path/Frameworks",
				);
				PRODUCT_BUNDLE_IDENTIFIER = com.hdhung.iSpaceLab;
				PRODUCT_NAME = "$(TARGET_NAME)";
				SWIFT_VERSION = 5.0;
				TARGETED_DEVICE_FAMILY = "1,2";
			};
			name = Debug;
		};
		8F070CC8226FF6A400C28983 /* Release */ = {
			isa = XCBuildConfiguration;
			buildSettings = {
				ASSETCATALOG_COMPILER_APPICON_NAME = AppIcon;
				CODE_SIGN_STYLE = Automatic;
				INFOPLIST_FILE = iSpaceLab/Info.plist;
				LD_RUNPATH_SEARCH_PATHS = (
					"$(inherited)",
					"@executable_path/Frameworks",
				);
				PRODUCT_BUNDLE_IDENTIFIER = com.hdhung.iSpaceLab;
				PRODUCT_NAME = "$(TARGET_NAME)";
				SWIFT_VERSION = 5.0;
				TARGETED_DEVICE_FAMILY = "1,2";
			};
			name = Release;
		};
		8F070CCA226FF6A400C28983 /* Debug */ = {
			isa = XCBuildConfiguration;
			buildSettings = {
				ALWAYS_EMBED_SWIFT_STANDARD_LIBRARIES = YES;
				BUNDLE_LOADER = "$(TEST_HOST)";
				CODE_SIGN_STYLE = Automatic;
				INFOPLIST_FILE = iSpaceLabTests/Info.plist;
				LD_RUNPATH_SEARCH_PATHS = (
					"$(inherited)",
					"@executable_path/Frameworks",
					"@loader_path/Frameworks",
				);
				PRODUCT_BUNDLE_IDENTIFIER = com.hdhung.iSpaceLabTests;
				PRODUCT_NAME = "$(TARGET_NAME)";
				SWIFT_VERSION = 5.0;
				TARGETED_DEVICE_FAMILY = "1,2";
				TEST_HOST = "$(BUILT_PRODUCTS_DIR)/iSpaceLab.app/iSpaceLab";
			};
			name = Debug;
		};
		8F070CCB226FF6A400C28983 /* Release */ = {
			isa = XCBuildConfiguration;
			buildSettings = {
				ALWAYS_EMBED_SWIFT_STANDARD_LIBRARIES = YES;
				BUNDLE_LOADER = "$(TEST_HOST)";
				CODE_SIGN_STYLE = Automatic;
				INFOPLIST_FILE = iSpaceLabTests/Info.plist;
				LD_RUNPATH_SEARCH_PATHS = (
					"$(inherited)",
					"@executable_path/Frameworks",
					"@loader_path/Frameworks",
				);
				PRODUCT_BUNDLE_IDENTIFIER = com.hdhung.iSpaceLabTests;
				PRODUCT_NAME = "$(TARGET_NAME)";
				SWIFT_VERSION = 5.0;
				TARGETED_DEVICE_FAMILY = "1,2";
				TEST_HOST = "$(BUILT_PRODUCTS_DIR)/iSpaceLab.app/iSpaceLab";
			};
			name = Release;
		};
		8F070CCD226FF6A400C28983 /* Debug */ = {
			isa = XCBuildConfiguration;
			buildSettings = {
				ALWAYS_EMBED_SWIFT_STANDARD_LIBRARIES = YES;
				CODE_SIGN_STYLE = Automatic;
				INFOPLIST_FILE = iSpaceLabUITests/Info.plist;
				LD_RUNPATH_SEARCH_PATHS = (
					"$(inherited)",
					"@executable_path/Frameworks",
					"@loader_path/Frameworks",
				);
				PRODUCT_BUNDLE_IDENTIFIER = com.hdhung.iSpaceLabUITests;
				PRODUCT_NAME = "$(TARGET_NAME)";
				SWIFT_VERSION = 5.0;
				TARGETED_DEVICE_FAMILY = "1,2";
				TEST_TARGET_NAME = iSpaceLab;
			};
			name = Debug;
		};
		8F070CCE226FF6A400C28983 /* Release */ = {
			isa = XCBuildConfiguration;
			buildSettings = {
				ALWAYS_EMBED_SWIFT_STANDARD_LIBRARIES = YES;
				CODE_SIGN_STYLE = Automatic;
				INFOPLIST_FILE = iSpaceLabUITests/Info.plist;
				LD_RUNPATH_SEARCH_PATHS = (
					"$(inherited)",
					"@executable_path/Frameworks",
					"@loader_path/Frameworks",
				);
				PRODUCT_BUNDLE_IDENTIFIER = com.hdhung.iSpaceLabUITests;
				PRODUCT_NAME = "$(TARGET_NAME)";
				SWIFT_VERSION = 5.0;
				TARGETED_DEVICE_FAMILY = "1,2";
				TEST_TARGET_NAME = iSpaceLab;
			};
			name = Release;
		};
/* End XCBuildConfiguration section */

/* Begin XCConfigurationList section */
		8F070C99226FF6A300C28983 /* Build configuration list for PBXProject "iSpaceLab" */ = {
			isa = XCConfigurationList;
			buildConfigurations = (
				8F070CC4226FF6A400C28983 /* Debug */,
				8F070CC5226FF6A400C28983 /* Release */,
			);
			defaultConfigurationIsVisible = 0;
			defaultConfigurationName = Release;
		};
		8F070CC6226FF6A400C28983 /* Build configuration list for PBXNativeTarget "iSpaceLab" */ = {
			isa = XCConfigurationList;
			buildConfigurations = (
				8F070CC7226FF6A400C28983 /* Debug */,
				8F070CC8226FF6A400C28983 /* Release */,
			);
			defaultConfigurationIsVisible = 0;
			defaultConfigurationName = Release;
		};
		8F070CC9226FF6A400C28983 /* Build configuration list for PBXNativeTarget "iSpaceLabTests" */ = {
			isa = XCConfigurationList;
			buildConfigurations = (
				8F070CCA226FF6A400C28983 /* Debug */,
				8F070CCB226FF6A400C28983 /* Release */,
			);
			defaultConfigurationIsVisible = 0;
			defaultConfigurationName = Release;
		};
		8F070CCC226FF6A400C28983 /* Build configuration list for PBXNativeTarget "iSpaceLabUITests" */ = {
			isa = XCConfigurationList;
			buildConfigurations = (
				8F070CCD226FF6A400C28983 /* Debug */,
				8F070CCE226FF6A400C28983 /* Release */,
			);
			defaultConfigurationIsVisible = 0;
			defaultConfigurationName = Release;
		};
/* End XCConfigurationList section */
	};
	rootObject = 8F070C96226FF6A300C28983 /* Project object */;
}
